
Microsoft Visual Studio Solution File, Format Version 12.00
# Visual Studio 15
VisualStudioVersion = 15.0.27703.2026
MinimumVisualStudioVersion = 10.0.40219.1
Project("{FAE04EC0-301F-11D3-BF4B-00C04F79EFBC}") = "Slowsharp", "Slowsharp\Slowsharp.csproj", "{40CDDE9B-948F-4C53-A846-9C1625B5D192}"
EndProject
Project("{FAE04EC0-301F-11D3-BF4B-00C04F79EFBC}") = "SlowSharp.Test", "SlowSharp.Test\SlowSharp.Test.csproj", "{DB47EF62-FC2A-4707-A42C-88C8BFD53962}"
EndProject
Project("{FAE04EC0-301F-11D3-BF4B-00C04F79EFBC}") = "SlowSharp.JSON", "SlowSharp.JSON\SlowSharp.JSON.csproj", "{91419467-FEA5-43B2-8608-F831D920B2BB}"
EndProject
Global
	GlobalSection(SolutionConfigurationPlatforms) = preSolution
		Debug|Any CPU = Debug|Any CPU
		Release|Any CPU = Release|Any CPU
	EndGlobalSection
	GlobalSection(ProjectConfigurationPlatforms) = postSolution
		{40CDDE9B-948F-4C53-A846-9C1625B5D192}.Debug|Any CPU.ActiveCfg = Debug|Any CPU
		{40CDDE9B-948F-4C53-A846-9C1625B5D192}.Debug|Any CPU.Build.0 = Debug|Any CPU
		{40CDDE9B-948F-4C53-A846-9C1625B5D192}.Release|Any CPU.ActiveCfg = Release|Any CPU
		{40CDDE9B-948F-4C53-A846-9C1625B5D192}.Release|Any CPU.Build.0 = Release|Any CPU
		{DB47EF62-FC2A-4707-A42C-88C8BFD53962}.Debug|Any CPU.ActiveCfg = Debug|Any CPU
		{DB47EF62-FC2A-4707-A42C-88C8BFD53962}.Debug|Any CPU.Build.0 = Debug|Any CPU
		{DB47EF62-FC2A-4707-A42C-88C8BFD53962}.Release|Any CPU.ActiveCfg = Release|Any CPU
		{DB47EF62-FC2A-4707-A42C-88C8BFD53962}.Release|Any CPU.Build.0 = Release|Any CPU
		{91419467-FEA5-43B2-8608-F831D920B2BB}.Debug|Any CPU.ActiveCfg = Debug|Any CPU
		{91419467-FEA5-43B2-8608-F831D920B2BB}.Debug|Any CPU.Build.0 = Debug|Any CPU
		{91419467-FEA5-43B2-8608-F831D920B2BB}.Release|Any CPU.ActiveCfg = Release|Any CPU
		{91419467-FEA5-43B2-8608-F831D920B2BB}.Release|Any CPU.Build.0 = Release|Any CPU
	EndGlobalSection
	GlobalSection(SolutionProperties) = preSolution
		HideSolutionNode = FALSE
	EndGlobalSection
	GlobalSection(ExtensibilityGlobals) = postSolution
		SolutionGuid = {CDA61318-E42E-48D4-B5ED-153719099936}
	EndGlobalSection
	GlobalSection(Performance) = preSolution
		HasPerformanceSessions = true
	EndGlobalSection
	GlobalSection(Performance) = preSolution
		HasPerformanceSessions = true
	EndGlobalSection
EndGlobal
